<?xml version="1.0" encoding="utf-8"?>
<Project ToolsVersion="4.0" xmlns="http://schemas.microsoft.com/developer/msbuild/2003">
  <ItemGroup>
    <Filter Include="소스 파일">
      <UniqueIdentifier>{4FC737F1-C7A5-4376-A066-2A32D752A2FF}</UniqueIdentifier>
      <Extensions>cpp;c;cc;cxx;c++;cppm;ixx;def;odl;idl;hpj;bat;asm;asmx</Extensions>
    </Filter>
    <Filter Include="헤더 파일">
      <UniqueIdentifier>{93995380-89BD-4b04-88EB-625FBE52EBFB}</UniqueIdentifier>
      <Extensions>h;hh;hpp;hxx;h++;hm;inl;inc;ipp;xsd</Extensions>
    </Filter>
    <Filter Include="리소스 파일">
      <UniqueIdentifier>{67DA6AB6-F800-4c08-8B7A-83BB121AAD01}</UniqueIdentifier>
      <Extensions>rc;ico;cur;bmp;dlg;rc2;rct;bin;rgs;gif;jpg;jpeg;jpe;resx;tiff;tif;png;wav;mfcribbon-ms</Extensions>
    </Filter>
  </ItemGroup>
  <ItemGroup>
    <ClInclude Include="inc\FBXConverter\FBXConverter.h">
      <Filter>헤더 파일</Filter>
    </ClInclude>
    <ClInclude Include="inc\FBXConverterDlg\FBXConverterDlg.h">
      <Filter>헤더 파일</Filter>
    </ClInclude>
    <ClInclude Include="inc\framework.h">
      <Filter>헤더 파일</Filter>
    </ClInclude>
    <ClInclude Include="inc\targetver.h">
      <Filter>헤더 파일</Filter>
    </ClInclude>
    <ClInclude Include="inc\Resource.h">
      <Filter>헤더 파일</Filter>
    </ClInclude>
    <ClInclude Include="inc\pch.h">
      <Filter>헤더 파일</Filter>
    </ClInclude>
    <ClInclude Include="inc\ParserData\ParserData.h">
      <Filter>헤더 파일</Filter>
    </ClInclude>
    <ClInclude Include="inc\FBXBinaryLayout.h">
      <Filter>헤더 파일</Filter>
    </ClInclude>
    <ClInclude Include="inc\FBXParser\FBXParser.h">
      <Filter>헤더 파일</Filter>
    </ClInclude>
    <ClInclude Include="inc\BinarySerializer\BinarySerializer.h">
      <Filter>헤더 파일</Filter>
    </ClInclude>
    <ClInclude Include="inc\YAMLParser\YAMLParser.h">
      <Filter>헤더 파일</Filter>
    </ClInclude>
    <ClInclude Include="inc\YAMLBinaryLayout.h">
      <Filter>헤더 파일</Filter>
    </ClInclude>
    <ClInclude Include="res\resource.h">
      <Filter>헤더 파일</Filter>
    </ClInclude>
  </ItemGroup>
  <ItemGroup>
    <ClCompile Include="src\FBXConverter\FBXConverter.cpp">
      <Filter>소스 파일</Filter>
    </ClCompile>
    <ClCompile Include="src\FBXConverterDlg\FBXConverterDlg.cpp">
      <Filter>소스 파일</Filter>
    </ClCompile>
    <ClCompile Include="src\pch.cpp">
      <Filter>소스 파일</Filter>
    </ClCompile>
    <ClCompile Include="src\FBXParser\FBXParser.cpp">
      <Filter>소스 파일</Filter>
    </ClCompile>
    <ClCompile Include="src\BinarySerializer\BinarySerializer.cpp">
      <Filter>소스 파일</Filter>
    </ClCompile>
    <ClCompile Include="src\YAMLParser\YAMLParser.cpp">
      <Filter>소스 파일</Filter>
    </ClCompile>
  </ItemGroup>
  <ItemGroup>
    <ResourceCompile Include="res\FBXConverter.rc">
      <Filter>리소스 파일</Filter>
    </ResourceCompile>
  </ItemGroup>
  <ItemGroup>
    <None Include="res\FBXConverter.rc2">
      <Filter>리소스 파일</Filter>
    </None>
    <None Include="inc\FBXConverterDlg\ProcessAsset.inl">
      <Filter>헤더 파일</Filter>
    </None>
  </ItemGroup>
  <ItemGroup>
    <Image Include="res\FBXConverter.ico">
      <Filter>리소스 파일</Filter>
    </Image>
    <Image Include="res\toolbar1.bmp">
      <Filter>리소스 파일</Filter>
    </Image>
    <Image Include="res\res\FBXConverter.ico">
      <Filter>리소스 파일</Filter>
    </Image>
    <Image Include="res\res\toolbar1.bmp">
      <Filter>리소스 파일</Filter>
    </Image>
  </ItemGroup>
</Project>