
Microsoft Visual Studio Solution File, Format Version 12.00
# Visual Studio Version 16
VisualStudioVersion = 16.0.32106.194
MinimumVisualStudioVersion = 10.0.40219.1
Project("{8BC9CEB8-8B4A-11D0-8D11-00A0C91BC942}") = "FootGraphicsEngine", "FootGraphicsEngine\FootGraphicsEngine.vcxproj", "{35FAD7CB-D8B3-4BFD-A74C-260C2EC4828B}"
EndProject
Project("{2150E333-8FDC-42A3-9474-1A3956D46DE8}") = "Shader", "Shader", "{CB2F58C7-16BB-434F-A6ED-04382B3B96C6}"
EndProject
Project("{2150E333-8FDC-42A3-9474-1A3956D46DE8}") = "LineShader", "LineShader", "{09C6B617-2672-4C79-AB11-47A4131C841C}"
	ProjectSection(SolutionItems) = preProject
		Output\Shader\LineShader\BasicColorPS.hlsl = Output\Shader\LineShader\BasicColorPS.hlsl
		Output\Shader\LineShader\BasicColorTypes.hlsli = Output\Shader\LineShader\BasicColorTypes.hlsli
		Output\Shader\LineShader\BasicColorVS.hlsl = Output\Shader\LineShader\BasicColorVS.hlsl
		Output\Shader\LineShader\LinePS.hlsl = Output\Shader\LineShader\LinePS.hlsl
		Output\Shader\LineShader\LineTypes.hlsli = Output\Shader\LineShader\LineTypes.hlsli
		Output\Shader\LineShader\LineVS.hlsl = Output\Shader\LineShader\LineVS.hlsl
	EndProjectSection
EndProject
Project("{2150E333-8FDC-42A3-9474-1A3956D46DE8}") = "LegacyStaticShader", "LegacyStaticShader", "{A2CF5003-BB57-47AB-A9B5-2988C70D08A1}"
	ProjectSection(SolutionItems) = preProject
		Output\Shader\LegacyStaticShader\LegacyStaticPS.hlsl = Output\Shader\LegacyStaticShader\LegacyStaticPS.hlsl
		Output\Shader\LegacyStaticShader\LegacyStaticTypes.hlsli = Output\Shader\LegacyStaticShader\LegacyStaticTypes.hlsli
		Output\Shader\LegacyStaticShader\LegacyStaticVS.hlsl = Output\Shader\LegacyStaticShader\LegacyStaticVS.hlsl
	EndProjectSection
EndProject
Project("{2150E333-8FDC-42A3-9474-1A3956D46DE8}") = "Deferred", "Deferred", "{46D41760-44C9-45C0-A423-A0EFA2244F22}"
	ProjectSection(SolutionItems) = preProject
		Output\Shader\Deferred\QuadVS.hlsl = Output\Shader\Deferred\QuadVS.hlsl
	EndProjectSection
EndProject
Project("{2150E333-8FDC-42A3-9474-1A3956D46DE8}") = "PBRShader", "PBRShader", "{8FB0789A-16A4-4612-90EF-328E40490246}"
	ProjectSection(SolutionItems) = preProject
		Output\Shader\PBRShader\PBRLightPS.hlsl = Output\Shader\PBRShader\PBRLightPS.hlsl
		Output\Shader\PBRShader\PBRLightUtils.hlsli = Output\Shader\PBRShader\PBRLightUtils.hlsli
		Output\Shader\PBRShader\PBRModelPS.hlsl = Output\Shader\PBRShader\PBRModelPS.hlsl
		Output\Shader\PBRShader\PBRModelTypes.hlsli = Output\Shader\PBRShader\PBRModelTypes.hlsli
		Output\Shader\PBRShader\PBRModelVS.hlsl = Output\Shader\PBRShader\PBRModelVS.hlsl
	EndProjectSection
EndProject
Project("{2150E333-8FDC-42A3-9474-1A3956D46DE8}") = "SkyBoxShader", "SkyBoxShader", "{F0C20D6D-2E21-42A1-96ED-CE9CF8A9CE93}"
	ProjectSection(SolutionItems) = preProject
		Output\Shader\SkyBoxShader\SkyBoxPS.hlsl = Output\Shader\SkyBoxShader\SkyBoxPS.hlsl
		Output\Shader\SkyBoxShader\SkyBoxTypes.hlsli = Output\Shader\SkyBoxShader\SkyBoxTypes.hlsli
		Output\Shader\SkyBoxShader\SkyBoxVS.hlsl = Output\Shader\SkyBoxShader\SkyBoxVS.hlsl
	EndProjectSection
EndProject
Global
	GlobalSection(SolutionConfigurationPlatforms) = preSolution
		Debug|x64 = Debug|x64
		Debug|x86 = Debug|x86
		Release|x64 = Release|x64
		Release|x86 = Release|x86
	EndGlobalSection
	GlobalSection(ProjectConfigurationPlatforms) = postSolution
		{35FAD7CB-D8B3-4BFD-A74C-260C2EC4828B}.Debug|x64.ActiveCfg = Debug|x64
		{35FAD7CB-D8B3-4BFD-A74C-260C2EC4828B}.Debug|x64.Build.0 = Debug|x64
		{35FAD7CB-D8B3-4BFD-A74C-260C2EC4828B}.Debug|x86.ActiveCfg = Debug|Win32
		{35FAD7CB-D8B3-4BFD-A74C-260C2EC4828B}.Debug|x86.Build.0 = Debug|Win32
		{35FAD7CB-D8B3-4BFD-A74C-260C2EC4828B}.Release|x64.ActiveCfg = Release|x64
		{35FAD7CB-D8B3-4BFD-A74C-260C2EC4828B}.Release|x64.Build.0 = Release|x64
		{35FAD7CB-D8B3-4BFD-A74C-260C2EC4828B}.Release|x86.ActiveCfg = Release|Win32
		{35FAD7CB-D8B3-4BFD-A74C-260C2EC4828B}.Release|x86.Build.0 = Release|Win32
	EndGlobalSection
	GlobalSection(SolutionProperties) = preSolution
		HideSolutionNode = FALSE
	EndGlobalSection
	GlobalSection(NestedProjects) = preSolution
		{09C6B617-2672-4C79-AB11-47A4131C841C} = {CB2F58C7-16BB-434F-A6ED-04382B3B96C6}
		{A2CF5003-BB57-47AB-A9B5-2988C70D08A1} = {CB2F58C7-16BB-434F-A6ED-04382B3B96C6}
		{46D41760-44C9-45C0-A423-A0EFA2244F22} = {CB2F58C7-16BB-434F-A6ED-04382B3B96C6}
		{8FB0789A-16A4-4612-90EF-328E40490246} = {CB2F58C7-16BB-434F-A6ED-04382B3B96C6}
		{F0C20D6D-2E21-42A1-96ED-CE9CF8A9CE93} = {CB2F58C7-16BB-434F-A6ED-04382B3B96C6}
	EndGlobalSection
	GlobalSection(ExtensibilityGlobals) = postSolution
		SolutionGuid = {4896C672-A70A-496E-94AE-705257EB5E3A}
	EndGlobalSection
EndGlobal
